
Microsoft Visual Studio Solution File, Format Version 12.00
# Visual Studio Version 17
VisualStudioVersion = 17.9.34622.214
MinimumVisualStudioVersion = 10.0.40219.1
Project("{9A19103F-16F7-4668-BE54-9A1E7A4F7556}") = "PishgamanTask.Infrastructure", "PishgamanTask.Infrastructure\PishgamanTask.Infrastructure.csproj", "{407AB851-C85B-4D9E-9DFB-BB1D894783E5}"
EndProject
Project("{9A19103F-16F7-4668-BE54-9A1E7A4F7556}") = "PishgamanTask.Domain", "PishgamanTask.Domain\PishgamanTask.Domain.csproj", "{DFC6CBF6-98A4-4A3D-B681-C25310E6F519}"
EndProject
Project("{9A19103F-16F7-4668-BE54-9A1E7A4F7556}") = "PishgamanTask.Application", "PishgamanTask.Application\PishgamanTask.Application.csproj", "{7CF953BB-D288-4D4D-ABFC-D24A6CCF4F92}"
EndProject
Project("{9A19103F-16F7-4668-BE54-9A1E7A4F7556}") = "PishgamanTask.API", "PishgamanTask.API\PishgamanTask.API.csproj", "{D85762C6-8CA2-4E16-8AED-DF65316B740D}"
EndProject
Project("{9A19103F-16F7-4668-BE54-9A1E7A4F7556}") = "PishgamanTask.Blazor", "PishgamanTask.Blazor\PishgamanTask.Blazor.csproj", "{FAEB5CB3-4A65-4170-8315-6DB0B956248C}"
EndProject
Project("{FAE04EC0-301F-11D3-BF4B-00C04F79EFBC}") = "PishgamanTask.Maui", "PishgamanTask.Maui\PishgamanTask.Maui.csproj", "{7A388D32-08EF-41BC-8F25-F7753C24D01F}"
EndProject
Global
	GlobalSection(SolutionConfigurationPlatforms) = preSolution
		Debug|Any CPU = Debug|Any CPU
		Release|Any CPU = Release|Any CPU
	EndGlobalSection
	GlobalSection(ProjectConfigurationPlatforms) = postSolution
		{407AB851-C85B-4D9E-9DFB-BB1D894783E5}.Debug|Any CPU.ActiveCfg = Debug|Any CPU
		{407AB851-C85B-4D9E-9DFB-BB1D894783E5}.Debug|Any CPU.Build.0 = Debug|Any CPU
		{407AB851-C85B-4D9E-9DFB-BB1D894783E5}.Release|Any CPU.ActiveCfg = Release|Any CPU
		{407AB851-C85B-4D9E-9DFB-BB1D894783E5}.Release|Any CPU.Build.0 = Release|Any CPU
		{DFC6CBF6-98A4-4A3D-B681-C25310E6F519}.Debug|Any CPU.ActiveCfg = Debug|Any CPU
		{DFC6CBF6-98A4-4A3D-B681-C25310E6F519}.Debug|Any CPU.Build.0 = Debug|Any CPU
		{DFC6CBF6-98A4-4A3D-B681-C25310E6F519}.Release|Any CPU.ActiveCfg = Release|Any CPU
		{DFC6CBF6-98A4-4A3D-B681-C25310E6F519}.Release|Any CPU.Build.0 = Release|Any CPU
		{7CF953BB-D288-4D4D-ABFC-D24A6CCF4F92}.Debug|Any CPU.ActiveCfg = Debug|Any CPU
		{7CF953BB-D288-4D4D-ABFC-D24A6CCF4F92}.Debug|Any CPU.Build.0 = Debug|Any CPU
		{7CF953BB-D288-4D4D-ABFC-D24A6CCF4F92}.Release|Any CPU.ActiveCfg = Release|Any CPU
		{7CF953BB-D288-4D4D-ABFC-D24A6CCF4F92}.Release|Any CPU.Build.0 = Release|Any CPU
		{D85762C6-8CA2-4E16-8AED-DF65316B740D}.Debug|Any CPU.ActiveCfg = Debug|Any CPU
		{D85762C6-8CA2-4E16-8AED-DF65316B740D}.Debug|Any CPU.Build.0 = Debug|Any CPU
		{D85762C6-8CA2-4E16-8AED-DF65316B740D}.Release|Any CPU.ActiveCfg = Release|Any CPU
		{D85762C6-8CA2-4E16-8AED-DF65316B740D}.Release|Any CPU.Build.0 = Release|Any CPU
		{FAEB5CB3-4A65-4170-8315-6DB0B956248C}.Debug|Any CPU.ActiveCfg = Debug|Any CPU
		{FAEB5CB3-4A65-4170-8315-6DB0B956248C}.Debug|Any CPU.Build.0 = Debug|Any CPU
		{FAEB5CB3-4A65-4170-8315-6DB0B956248C}.Release|Any CPU.ActiveCfg = Release|Any CPU
		{FAEB5CB3-4A65-4170-8315-6DB0B956248C}.Release|Any CPU.Build.0 = Release|Any CPU
		{7A388D32-08EF-41BC-8F25-F7753C24D01F}.Debug|Any CPU.ActiveCfg = Debug|Any CPU
		{7A388D32-08EF-41BC-8F25-F7753C24D01F}.Debug|Any CPU.Build.0 = Debug|Any CPU
		{7A388D32-08EF-41BC-8F25-F7753C24D01F}.Debug|Any CPU.Deploy.0 = Debug|Any CPU
		{7A388D32-08EF-41BC-8F25-F7753C24D01F}.Release|Any CPU.ActiveCfg = Release|Any CPU
		{7A388D32-08EF-41BC-8F25-F7753C24D01F}.Release|Any CPU.Build.0 = Release|Any CPU
		{7A388D32-08EF-41BC-8F25-F7753C24D01F}.Release|Any CPU.Deploy.0 = Release|Any CPU
	EndGlobalSection
	GlobalSection(SolutionProperties) = preSolution
		HideSolutionNode = FALSE
	EndGlobalSection
	GlobalSection(ExtensibilityGlobals) = postSolution
		SolutionGuid = {0831CC5F-ADC9-478E-B6BD-FBFAC5367F89}
	EndGlobalSection
EndGlobal
